// !$*UTF8*$!
{
	archiveVersion = 1;
	classes = {
	};
	objectVersion = 50;
	objects = {

/* Begin PBXBuildFile section */
		12A0F50F2113E21800E207A8 /* AppDelegate.swift in Sources */ = {isa = PBXBuildFile; fileRef = 12A0F50E2113E21800E207A8 /* AppDelegate.swift */; };
		12A0F5112113E21800E207A8 /* SampleViewController.swift in Sources */ = {isa = PBXBuildFile; fileRef = 12A0F5102113E21800E207A8 /* SampleViewController.swift */; };
		12A0F5142113E21800E207A8 /* Main.storyboard in Resources */ = {isa = PBXBuildFile; fileRef = 12A0F5122113E21800E207A8 /* Main.storyboard */; };
		12A0F5162113E21A00E207A8 /* Assets.xcassets in Resources */ = {isa = PBXBuildFile; fileRef = 12A0F5152113E21A00E207A8 /* Assets.xcassets */; };
		12A0F5192113E21A00E207A8 /* LaunchScreen.storyboard in Resources */ = {isa = PBXBuildFile; fileRef = 12A0F5172113E21A00E207A8 /* LaunchScreen.storyboard */; };
		12A0F5302113E24200E207A8 /* Security.framework in Frameworks */ = {isa = PBXBuildFile; fileRef = 12A0F52F2113E24200E207A8 /* Security.framework */; };
		12A0F5322115180000E207A8 /* Biometrics.swift in Sources */ = {isa = PBXBuildFile; fileRef = 12A0F5312115180000E207A8 /* Biometrics.swift */; };
/* End PBXBuildFile section */

/* Begin PBXContainerItemProxy section */
		12A0F5202113E21A00E207A8 /* PBXContainerItemProxy */ = {
			isa = PBXContainerItemProxy;
			containerPortal = 12A0F5032113E21800E207A8 /* Project object */;
			proxyType = 1;
			remoteGlobalIDString = 12A0F50A2113E21800E207A8;
			remoteInfo = localauthenticationsample;
		};
/* End PBXContainerItemProxy section */

/* Begin PBXFileReference section */
		12A0F50B2113E21800E207A8 /* Local Authentication Sample.app */ = {isa = PBXFileReference; explicitFileType = wrapper.application; includeInIndex = 0; path = "Local Authentication Sample.app"; sourceTree = BUILT_PRODUCTS_DIR; };
		12A0F50E2113E21800E207A8 /* AppDelegate.swift */ = {isa = PBXFileReference; lastKnownFileType = sourcecode.swift; path = AppDelegate.swift; sourceTree = "<group>"; };
		12A0F5102113E21800E207A8 /* SampleViewController.swift */ = {isa = PBXFileReference; lastKnownFileType = sourcecode.swift; path = SampleViewController.swift; sourceTree = "<group>"; };
		12A0F5132113E21800E207A8 /* Base */ = {isa = PBXFileReference; lastKnownFileType = file.storyboard; name = Base; path = Base.lproj/Main.storyboard; sourceTree = "<group>"; };
		12A0F5152113E21A00E207A8 /* Assets.xcassets */ = {isa = PBXFileReference; lastKnownFileType = folder.assetcatalog; path = Assets.xcassets; sourceTree = "<group>"; };
		12A0F5182113E21A00E207A8 /* Base */ = {isa = PBXFileReference; lastKnownFileType = file.storyboard; name = Base; path = Base.lproj/LaunchScreen.storyboard; sourceTree = "<group>"; };
		12A0F51A2113E21A00E207A8 /* Info.plist */ = {isa = PBXFileReference; lastKnownFileType = text.plist.xml; path = Info.plist; sourceTree = "<group>"; };
		12A0F51F2113E21A00E207A8 /* localauthenticationsampleTests.xctest */ = {isa = PBXFileReference; explicitFileType = wrapper.cfbundle; includeInIndex = 0; path = localauthenticationsampleTests.xctest; sourceTree = BUILT_PRODUCTS_DIR; };
		12A0F52F2113E24200E207A8 /* Security.framework */ = {isa = PBXFileReference; lastKnownFileType = wrapper.framework; name = Security.framework; path = System/Library/Frameworks/Security.framework; sourceTree = SDKROOT; };
		12A0F5312115180000E207A8 /* Biometrics.swift */ = {isa = PBXFileReference; lastKnownFileType = sourcecode.swift; path = Biometrics.swift; sourceTree = "<group>"; };
/* End PBXFileReference section */

/* Begin PBXFrameworksBuildPhase section */
		12A0F5082113E21800E207A8 /* Frameworks */ = {
			isa = PBXFrameworksBuildPhase;
			buildActionMask = 2147483647;
			files = (
				12A0F5302113E24200E207A8 /* Security.framework in Frameworks */,
			);
			runOnlyForDeploymentPostprocessing = 0;
		};
		12A0F51C2113E21A00E207A8 /* Frameworks */ = {
			isa = PBXFrameworksBuildPhase;
			buildActionMask = 2147483647;
			files = (
			);
			runOnlyForDeploymentPostprocessing = 0;
		};
/* End PBXFrameworksBuildPhase section */

/* Begin PBXGroup section */
		12A0F5022113E21800E207A8 = {
			isa = PBXGroup;
			children = (
				12A0F50D2113E21800E207A8 /* localauthenticationsample */,
				12A0F50C2113E21800E207A8 /* Products */,
				12A0F52E2113E24100E207A8 /* Frameworks */,
			);
			sourceTree = "<group>";
		};
		12A0F50C2113E21800E207A8 /* Products */ = {
			isa = PBXGroup;
			children = (
				12A0F50B2113E21800E207A8 /* Local Authentication Sample.app */,
				12A0F51F2113E21A00E207A8 /* localauthenticationsampleTests.xctest */,
			);
			name = Products;
			sourceTree = "<group>";
		};
		12A0F50D2113E21800E207A8 /* localauthenticationsample */ = {
			isa = PBXGroup;
			children = (
				12A0F50E2113E21800E207A8 /* AppDelegate.swift */,
				12A0F5102113E21800E207A8 /* SampleViewController.swift */,
				12A0F5312115180000E207A8 /* Biometrics.swift */,
				12A0F5122113E21800E207A8 /* Main.storyboard */,
				12A0F5152113E21A00E207A8 /* Assets.xcassets */,
				12A0F5172113E21A00E207A8 /* LaunchScreen.storyboard */,
				12A0F51A2113E21A00E207A8 /* Info.plist */,
			);
			path = localauthenticationsample;
			sourceTree = "<group>";
		};
		12A0F52E2113E24100E207A8 /* Frameworks */ = {
			isa = PBXGroup;
			children = (
				12A0F52F2113E24200E207A8 /* Security.framework */,
			);
			name = Frameworks;
			sourceTree = "<group>";
		};
/* End PBXGroup section */

/* Begin PBXNativeTarget section */
		12A0F50A2113E21800E207A8 /* localauthenticationsample */ = {
			isa = PBXNativeTarget;
			buildConfigurationList = 12A0F5282113E21A00E207A8 /* Build configuration list for PBXNativeTarget "localauthenticationsample" */;
			buildPhases = (
				12A0F5072113E21800E207A8 /* Sources */,
				12A0F5082113E21800E207A8 /* Frameworks */,
				12A0F5092113E21800E207A8 /* Resources */,
			);
			buildRules = (
			);
			dependencies = (
			);
			name = localauthenticationsample;
			productName = localauthenticationsample;
			productReference = 12A0F50B2113E21800E207A8 /* Local Authentication Sample.app */;
			productType = "com.apple.product-type.application";
		};
		12A0F51E2113E21A00E207A8 /* localauthenticationsampleTests */ = {
			isa = PBXNativeTarget;
			buildConfigurationList = 12A0F52B2113E21A00E207A8 /* Build configuration list for PBXNativeTarget "localauthenticationsampleTests" */;
			buildPhases = (
				12A0F51B2113E21A00E207A8 /* Sources */,
				12A0F51C2113E21A00E207A8 /* Frameworks */,
				12A0F51D2113E21A00E207A8 /* Resources */,
			);
			buildRules = (
			);
			dependencies = (
				12A0F5212113E21A00E207A8 /* PBXTargetDependency */,
			);
			name = localauthenticationsampleTests;
			productName = localauthenticationsampleTests;
			productReference = 12A0F51F2113E21A00E207A8 /* localauthenticationsampleTests.xctest */;
			productType = "com.apple.product-type.bundle.unit-test";
		};
/* End PBXNativeTarget section */

/* Begin PBXProject section */
		12A0F5032113E21800E207A8 /* Project object */ = {
			isa = PBXProject;
			attributes = {
				LastSwiftUpdateCheck = 0940;
				LastUpgradeCheck = 0940;
				ORGANIZATIONNAME = conduit;
				TargetAttributes = {
					12A0F50A2113E21800E207A8 = {
						CreatedOnToolsVersion = 9.4.1;
					};
					12A0F51E2113E21A00E207A8 = {
						CreatedOnToolsVersion = 9.4.1;
						TestTargetID = 12A0F50A2113E21800E207A8;
					};
				};
			};
			buildConfigurationList = 12A0F5062113E21800E207A8 /* Build configuration list for PBXProject "localauthenticationsample" */;
			compatibilityVersion = "Xcode 9.3";
			developmentRegion = en;
			hasScannedForEncodings = 0;
			knownRegions = (
				en,
				Base,
			);
			mainGroup = 12A0F5022113E21800E207A8;
			productRefGroup = 12A0F50C2113E21800E207A8 /* Products */;
			projectDirPath = "";
			projectRoot = "";
			targets = (
				12A0F50A2113E21800E207A8 /* localauthenticationsample */,
				12A0F51E2113E21A00E207A8 /* localauthenticationsampleTests */,
			);
		};
/* End PBXProject section */

/* Begin PBXResourcesBuildPhase section */
		12A0F5092113E21800E207A8 /* Resources */ = {
			isa = PBXResourcesBuildPhase;
			buildActionMask = 2147483647;
			files = (
				12A0F5192113E21A00E207A8 /* LaunchScreen.storyboard in Resources */,
				12A0F5162113E21A00E207A8 /* Assets.xcassets in Resources */,
				12A0F5142113E21800E207A8 /* Main.storyboard in Resources */,
			);
			runOnlyForDeploymentPostprocessing = 0;
		};
		12A0F51D2113E21A00E207A8 /* Resources */ = {
			isa = PBXResourcesBuildPhase;
			buildActionMask = 2147483647;
			files = (
			);
			runOnlyForDeploymentPostprocessing = 0;
		};
/* End PBXResourcesBuildPhase section */

/* Begin PBXSourcesBuildPhase section */
		12A0F5072113E21800E207A8 /* Sources */ = {
			isa = PBXSourcesBuildPhase;
			buildActionMask = 2147483647;
			files = (
				12A0F5112113E21800E207A8 /* SampleViewController.swift in Sources */,
				12A0F5322115180000E207A8 /* Biometrics.swift in Sources */,
				12A0F50F2113E21800E207A8 /* AppDelegate.swift in Sources */,
			);
			runOnlyForDeploymentPostprocessing = 0;
		};
		12A0F51B2113E21A00E207A8 /* Sources */ = {
			isa = PBXSourcesBuildPhase;
			buildActionMask = 2147483647;
			files = (
			);
			runOnlyForDeploymentPostprocessing = 0;
		};
/* End PBXSourcesBuildPhase section */

/* Begin PBXTargetDependency section */
		12A0F5212113E21A00E207A8 /* PBXTargetDependency */ = {
			isa = PBXTargetDependency;
			target = 12A0F50A2113E21800E207A8 /* localauthenticationsample */;
			targetProxy = 12A0F5202113E21A00E207A8 /* PBXContainerItemProxy */;
		};
/* End PBXTargetDependency section */

/* Begin PBXVariantGroup section */
		12A0F5122113E21800E207A8 /* Main.storyboard */ = {
			isa = PBXVariantGroup;
			children = (
				12A0F5132113E21800E207A8 /* Base */,
			);
			name = Main.storyboard;
			sourceTree = "<group>";
		};
		12A0F5172113E21A00E207A8 /* LaunchScreen.storyboard */ = {
			isa = PBXVariantGroup;
			children = (
				12A0F5182113E21A00E207A8 /* Base */,
			);
			name = LaunchScreen.storyboard;
			sourceTree = "<group>";
		};
/* End PBXVariantGroup section */

/* Begin XCBuildConfiguration section */
		12A0F5262113E21A00E207A8 /* Debug */ = {
			isa = XCBuildConfiguration;
			buildSettings = {
				ALWAYS_SEARCH_USER_PATHS = NO;
				CLANG_ANALYZER_NONNULL = YES;
				CLANG_ANALYZER_NUMBER_OBJECT_CONVERSION = YES_AGGRESSIVE;
				CLANG_CXX_LANGUAGE_STANDARD = "gnu++14";
				CLANG_CXX_LIBRARY = "libc++";
				CLANG_ENABLE_MODULES = YES;
				CLANG_ENABLE_OBJC_ARC = YES;
				CLANG_ENABLE_OBJC_WEAK = YES;
				CLANG_WARN_BLOCK_CAPTURE_AUTORELEASING = YES;
				CLANG_WARN_BOOL_CONVERSION = YES;
				CLANG_WARN_COMMA = YES;
				CLANG_WARN_CONSTANT_CONVERSION = YES;
				CLANG_WARN_DEPRECATED_OBJC_IMPLEMENTATIONS = YES;
				CLANG_WARN_DIRECT_OBJC_ISA_USAGE = YES_ERROR;
				CLANG_WARN_DOCUMENTATION_COMMENTS = YES;
				CLANG_WARN_EMPTY_BODY = YES;
				CLANG_WARN_ENUM_CONVERSION = YES;
				CLANG_WARN_INFINITE_RECURSION = YES;
				CLANG_WARN_INT_CONVERSION = YES;
				CLANG_WARN_NON_LITERAL_NULL_CONVERSION = YES;
				CLANG_WARN_OBJC_IMPLICIT_RETAIN_SELF = YES;
				CLANG_WARN_OBJC_LITERAL_CONVERSION = YES;
				CLANG_WARN_OBJC_ROOT_CLASS = YES_ERROR;
				CLANG_WARN_RANGE_LOOP_ANALYSIS = YES;
				CLANG_WARN_STRICT_PROTOTYPES = YES;
				CLANG_WARN_SUSPICIOUS_MOVE = YES;
				CLANG_WARN_UNGUARDED_AVAILABILITY = YES_AGGRESSIVE;
				CLANG_WARN_UNREACHABLE_CODE = YES;
				CLANG_WARN__DUPLICATE_METHOD_MATCH = YES;
				CODE_SIGN_IDENTITY = "iPhone Developer";
				COPY_PHASE_STRIP = NO;
				DEBUG_INFORMATION_FORMAT = dwarf;
				ENABLE_STRICT_OBJC_MSGSEND = YES;
				ENABLE_TESTABILITY = YES;
				GCC_C_LANGUAGE_STANDARD = gnu11;
				GCC_DYNAMIC_NO_PIC = NO;
				GCC_NO_COMMON_BLOCKS = YES;
				GCC_OPTIMIZATION_LEVEL = 0;
				GCC_PREPROCESSOR_DEFINITIONS = (
					"DEBUG=1",
					"$(inherited)",
				);
				GCC_WARN_64_TO_32_BIT_CONVERSION = YES;
				GCC_WARN_ABOUT_RETURN_TYPE = YES_ERROR;
				GCC_WARN_UNDECLARED_SELECTOR = YES;
				GCC_WARN_UNINITIALIZED_AUTOS = YES_AGGRESSIVE;
				GCC_WARN_UNUSED_FUNCTION = YES;
				GCC_WARN_UNUSED_VARIABLE = YES;
				IPHONEOS_DEPLOYMENT_TARGET = 11.4;
				MTL_ENABLE_DEBUG_INFO = YES;
				ONLY_ACTIVE_ARCH = YES;
				SDKROOT = iphoneos;
				SWIFT_ACTIVE_COMPILATION_CONDITIONS = DEBUG;
				SWIFT_OPTIMIZATION_LEVEL = "-Onone";
			};
			name = Debug;
		};
		12A0F5272113E21A00E207A8 /* Release */ = {
			isa = XCBuildConfiguration;
			buildSettings = {
				ALWAYS_SEARCH_USER_PATHS = NO;
				CLANG_ANALYZER_NONNULL = YES;
				CLANG_ANALYZER_NUMBER_OBJECT_CONVERSION = YES_AGGRESSIVE;
				CLANG_CXX_LANGUAGE_STANDARD = "gnu++14";
				CLANG_CXX_LIBRARY = "libc++";
				CLANG_ENABLE_MODULES = YES;
				CLANG_ENABLE_OBJC_ARC = YES;
				CLANG_ENABLE_OBJC_WEAK = YES;
				CLANG_WARN_BLOCK_CAPTURE_AUTORELEASING = YES;
				CLANG_WARN_BOOL_CONVERSION = YES;
				CLANG_WARN_COMMA = YES;
				CLANG_WARN_CONSTANT_CONVERSION = YES;
				CLANG_WARN_DEPRECATED_OBJC_IMPLEMENTATIONS = YES;
				CLANG_WARN_DIRECT_OBJC_ISA_USAGE = YES_ERROR;
				CLANG_WARN_DOCUMENTATION_COMMENTS = YES;
				CLANG_WARN_EMPTY_BODY = YES;
				CLANG_WARN_ENUM_CONVERSION = YES;
				CLANG_WARN_INFINITE_RECURSION = YES;
				CLANG_WARN_INT_CONVERSION = YES;
				CLANG_WARN_NON_LITERAL_NULL_CONVERSION = YES;
				CLANG_WARN_OBJC_IMPLICIT_RETAIN_SELF = YES;
				CLANG_WARN_OBJC_LITERAL_CONVERSION = YES;
				CLANG_WARN_OBJC_ROOT_CLASS = YES_ERROR;
				CLANG_WARN_RANGE_LOOP_ANALYSIS = YES;
				CLANG_WARN_STRICT_PROTOTYPES = YES;
				CLANG_WARN_SUSPICIOUS_MOVE = YES;
				CLANG_WARN_UNGUARDED_AVAILABILITY = YES_AGGRESSIVE;
				CLANG_WARN_UNREACHABLE_CODE = YES;
				CLANG_WARN__DUPLICATE_METHOD_MATCH = YES;
				CODE_SIGN_IDENTITY = "iPhone Developer";
				COPY_PHASE_STRIP = NO;
				DEBUG_INFORMATION_FORMAT = "dwarf-with-dsym";
				ENABLE_NS_ASSERTIONS = NO;
				ENABLE_STRICT_OBJC_MSGSEND = YES;
				GCC_C_LANGUAGE_STANDARD = gnu11;
				GCC_NO_COMMON_BLOCKS = YES;
				GCC_WARN_64_TO_32_BIT_CONVERSION = YES;
				GCC_WARN_ABOUT_RETURN_TYPE = YES_ERROR;
				GCC_WARN_UNDECLARED_SELECTOR = YES;
				GCC_WARN_UNINITIALIZED_AUTOS = YES_AGGRESSIVE;
				GCC_WARN_UNUSED_FUNCTION = YES;
				GCC_WARN_UNUSED_VARIABLE = YES;
				IPHONEOS_DEPLOYMENT_TARGET = 11.4;
				MTL_ENABLE_DEBUG_INFO = NO;
				SDKROOT = iphoneos;
				SWIFT_COMPILATION_MODE = wholemodule;
				SWIFT_OPTIMIZATION_LEVEL = "-O";
				VALIDATE_PRODUCT = YES;
			};
			name = Release;
		};
		12A0F5292113E21A00E207A8 /* Debug */ = {
			isa = XCBuildConfiguration;
			buildSettings = {
				ASSETCATALOG_COMPILER_APPICON_NAME = AppIcon;
				CODE_SIGN_STYLE = Automatic;
				DEVELOPMENT_TEAM = HQ4BNYBY5Y;
				INFOPLIST_FILE = localauthenticationsample/Info.plist;
				LD_RUNPATH_SEARCH_PATHS = (
					"$(inherited)",
					"@executable_path/Frameworks",
				);
				PRODUCT_BUNDLE_IDENTIFIER = com.conduit.localauthenticationsample;
				PRODUCT_NAME = "Local Authentication Sample";
				SWIFT_VERSION = 4.0;
				TARGETED_DEVICE_FAMILY = "1,2";
			};
			name = Debug;
		};
		12A0F52A2113E21A00E207A8 /* Release */ = {
			isa = XCBuildConfiguration;
			buildSettings = {
				ASSETCATALOG_COMPILER_APPICON_NAME = AppIcon;
				CODE_SIGN_STYLE = Automatic;
				DEVELOPMENT_TEAM = HQ4BNYBY5Y;
				INFOPLIST_FILE = localauthenticationsample/Info.plist;
				LD_RUNPATH_SEARCH_PATHS = (
					"$(inherited)",
					"@executable_path/Frameworks",
				);
				PRODUCT_BUNDLE_IDENTIFIER = com.conduit.localauthenticationsample;
				PRODUCT_NAME = "Local Authentication Sample";
				SWIFT_VERSION = 4.0;
				TARGETED_DEVICE_FAMILY = "1,2";
			};
			name = Release;
		};
		12A0F52C2113E21A00E207A8 /* Debug */ = {
			isa = XCBuildConfiguration;
			buildSettings = {
				ALWAYS_EMBED_SWIFT_STANDARD_LIBRARIES = YES;
				BUNDLE_LOADER = "$(TEST_HOST)";
				CODE_SIGN_STYLE = Automatic;
				DEVELOPMENT_TEAM = HQ4BNYBY5Y;
				INFOPLIST_FILE = localauthenticationsampleTests/Info.plist;
				LD_RUNPATH_SEARCH_PATHS = (
					"$(inherited)",
					"@executable_path/Frameworks",
					"@loader_path/Frameworks",
				);
				PRODUCT_BUNDLE_IDENTIFIER = com.conduit.localauthenticationsampleTests;
				PRODUCT_NAME = "$(TARGET_NAME)";
				SWIFT_VERSION = 4.0;
				TARGETED_DEVICE_FAMILY = "1,2";
				TEST_HOST = "$(BUILT_PRODUCTS_DIR)/localauthenticationsample.app/localauthenticationsample";
			};
			name = Debug;
		};
		12A0F52D2113E21A00E207A8 /* Release */ = {
			isa = XCBuildConfiguration;
			buildSettings = {
				ALWAYS_EMBED_SWIFT_STANDARD_LIBRARIES = YES;
				BUNDLE_LOADER = "$(TEST_HOST)";
				CODE_SIGN_STYLE = Automatic;
				DEVELOPMENT_TEAM = HQ4BNYBY5Y;
				INFOPLIST_FILE = localauthenticationsampleTests/Info.plist;
				LD_RUNPATH_SEARCH_PATHS = (
					"$(inherited)",
					"@executable_path/Frameworks",
					"@loader_path/Frameworks",
				);
				PRODUCT_BUNDLE_IDENTIFIER = com.conduit.localauthenticationsampleTests;
				PRODUCT_NAME = "$(TARGET_NAME)";
				SWIFT_VERSION = 4.0;
				TARGETED_DEVICE_FAMILY = "1,2";
				TEST_HOST = "$(BUILT_PRODUCTS_DIR)/localauthenticationsample.app/localauthenticationsample";
			};
			name = Release;
		};
/* End XCBuildConfiguration section */

/* Begin XCConfigurationList section */
		12A0F5062113E21800E207A8 /* Build configuration list for PBXProject "localauthenticationsample" */ = {
			isa = XCConfigurationList;
			buildConfigurations = (
				12A0F5262113E21A00E207A8 /* Debug */,
				12A0F5272113E21A00E207A8 /* Release */,
			);
			defaultConfigurationIsVisible = 0;
			defaultConfigurationName = Release;
		};
		12A0F5282113E21A00E207A8 /* Build configuration list for PBXNativeTarget "localauthenticationsample" */ = {
			isa = XCConfigurationList;
			buildConfigurations = (
				12A0F5292113E21A00E207A8 /* Debug */,
				12A0F52A2113E21A00E207A8 /* Release */,
			);
			defaultConfigurationIsVisible = 0;
			defaultConfigurationName = Release;
		};
		12A0F52B2113E21A00E207A8 /* Build configuration list for PBXNativeTarget "localauthenticationsampleTests" */ = {
			isa = XCConfigurationList;
			buildConfigurations = (
				12A0F52C2113E21A00E207A8 /* Debug */,
				12A0F52D2113E21A00E207A8 /* Release */,
			);
			defaultConfigurationIsVisible = 0;
			defaultConfigurationName = Release;
		};
/* End XCConfigurationList section */
	};
	rootObject = 12A0F5032113E21800E207A8 /* Project object */;
}
